
Microsoft Visual Studio Solution File, Format Version 12.00
# Visual Studio Version 17
VisualStudioVersion = 17.4.33103.184
MinimumVisualStudioVersion = 10.0.40219.1
Project("{FAE04EC0-301F-11D3-BF4B-00C04F79EFBC}") = "monslay-back", "monslay-back\monslay-back.csproj", "{190E553A-A30E-4CED-AE19-B2D25E40F536}"
EndProject
Global
	GlobalSection(SolutionConfigurationPlatforms) = preSolution
		Debug|Any CPU = Debug|Any CPU
		Release|Any CPU = Release|Any CPU
	EndGlobalSection
	GlobalSection(ProjectConfigurationPlatforms) = postSolution
		{190E553A-A30E-4CED-AE19-B2D25E40F536}.Debug|Any CPU.ActiveCfg = Debug|Any CPU
		{190E553A-A30E-4CED-AE19-B2D25E40F536}.Debug|Any CPU.Build.0 = Debug|Any CPU
		{190E553A-A30E-4CED-AE19-B2D25E40F536}.Release|Any CPU.ActiveCfg = Release|Any CPU
		{190E553A-A30E-4CED-AE19-B2D25E40F536}.Release|Any CPU.Build.0 = Release|Any CPU
	EndGlobalSection
	GlobalSection(SolutionProperties) = preSolution
		HideSolutionNode = FALSE
	EndGlobalSection
	GlobalSection(ExtensibilityGlobals) = postSolution
		SolutionGuid = {94A2DADC-CCC0-4D06-A2F0-1FAD35ECEB64}
	EndGlobalSection
EndGlobal
